github.com/aaaton/golem/v4 v4.0.0/go.mod h1:OfK/S5v9Exsx1yO21WorREuIVV+Y5K2hygP0A9oJCCI=
github.com/aaaton/golem/v4 v4.0.1 h1:jvnnTmzdfZC8cUGIo6obIcnmB3stTaf5Uw64OMx3C84=
github.com/aaaton/golem/v4 v4.0.1/go.mod h1:OfK/S5v9Exsx1yO21WorREuIVV+Y5K2hygP0A9oJCCI=
github.com/aaaton/golem/v4/dicts/fr v1.0.1 h1:PTcIwu5rOXDLdkrSX06hEwtYTj54KSZLzF3u6jFcPjE=
github.com/aaaton/golem/v4/dicts/fr v1.0.1/go.mod h1:Ek2g4prUAsQfNGd6b+B9Ju3XOShrMWhkDqtVd629meM=
golang.org/x/text v0.3.7 h1:olpwvP2KacW1ZWvsR7uQhoyTYvKAupfQrRGBFM352Gk=
golang.org/x/text v0.3.7/go.mod h1:u+2+/6zg+i71rQMx5EYifcz6MCKuco9NR6JIITiCfzQ=
